// !$*UTF8*$!
{
	archiveVersion = 1;
	classes = {
	};
	objectVersion = 46;
	objects = {

/* Begin PBXBuildFile section */
		0E0EF88DBD362EECEC10477F /* libPods-IDPSignup.a in Frameworks */ = {isa = PBXBuildFile; fileRef = E730F4141AA20E9D71B7B0BE /* libPods-IDPSignup.a */; };
		875CE9DE1BF09EDC00536BB2 /* IDPSignupManager.m in Sources */ = {isa = PBXBuildFile; fileRef = 875CE9DB1BF09EDC00536BB2 /* IDPSignupManager.m */; };
		875CE9DF1BF09EDC00536BB2 /* NSDictionary+IDPSignup.m in Sources */ = {isa = PBXBuildFile; fileRef = 875CE9DD1BF09EDC00536BB2 /* NSDictionary+IDPSignup.m */; };
		875CE9E41BF09F3D00536BB2 /* InviteViewController.m in Sources */ = {isa = PBXBuildFile; fileRef = 875CE9E11BF09F3D00536BB2 /* InviteViewController.m */; };
		875CE9E51BF09F3D00536BB2 /* StartViewController.m in Sources */ = {isa = PBXBuildFile; fileRef = 875CE9E31BF09F3D00536BB2 /* StartViewController.m */; };
		879DA4101BEDF329002F0DDC /* main.m in Sources */ = {isa = PBXBuildFile; fileRef = 879DA40F1BEDF329002F0DDC /* main.m */; };
		879DA4131BEDF329002F0DDC /* AppDelegate.m in Sources */ = {isa = PBXBuildFile; fileRef = 879DA4121BEDF329002F0DDC /* AppDelegate.m */; };
		879DA4191BEDF329002F0DDC /* Main.storyboard in Resources */ = {isa = PBXBuildFile; fileRef = 879DA4171BEDF329002F0DDC /* Main.storyboard */; };
		879DA41B1BEDF329002F0DDC /* Assets.xcassets in Resources */ = {isa = PBXBuildFile; fileRef = 879DA41A1BEDF329002F0DDC /* Assets.xcassets */; };
		879DA41E1BEDF329002F0DDC /* LaunchScreen.storyboard in Resources */ = {isa = PBXBuildFile; fileRef = 879DA41C1BEDF329002F0DDC /* LaunchScreen.storyboard */; };
/* End PBXBuildFile section */

/* Begin PBXFileReference section */
		1417977E0CA43DAF72C1ED7D /* Pods.debug.xcconfig */ = {isa = PBXFileReference; includeInIndex = 1; lastKnownFileType = text.xcconfig; name = Pods.debug.xcconfig; path = "Pods/Target Support Files/Pods/Pods.debug.xcconfig"; sourceTree = "<group>"; };
		6B5F6DB2C5A2C2A0C245ECBA /* Pods-IDPSignup.release.xcconfig */ = {isa = PBXFileReference; includeInIndex = 1; lastKnownFileType = text.xcconfig; name = "Pods-IDPSignup.release.xcconfig"; path = "Pods/Target Support Files/Pods-IDPSignup/Pods-IDPSignup.release.xcconfig"; sourceTree = "<group>"; };
		736B00E46472CDBE1A34032D /* Pods.release.xcconfig */ = {isa = PBXFileReference; includeInIndex = 1; lastKnownFileType = text.xcconfig; name = Pods.release.xcconfig; path = "Pods/Target Support Files/Pods/Pods.release.xcconfig"; sourceTree = "<group>"; };
		836B2E733B78D94DFADD4E40 /* Pods-IDPSignup.debug.xcconfig */ = {isa = PBXFileReference; includeInIndex = 1; lastKnownFileType = text.xcconfig; name = "Pods-IDPSignup.debug.xcconfig"; path = "Pods/Target Support Files/Pods-IDPSignup/Pods-IDPSignup.debug.xcconfig"; sourceTree = "<group>"; };
		875CE9DA1BF09EDC00536BB2 /* IDPSignupManager.h */ = {isa = PBXFileReference; fileEncoding = 4; lastKnownFileType = sourcecode.c.h; path = IDPSignupManager.h; sourceTree = "<group>"; };
		875CE9DB1BF09EDC00536BB2 /* IDPSignupManager.m */ = {isa = PBXFileReference; fileEncoding = 4; lastKnownFileType = sourcecode.c.objc; path = IDPSignupManager.m; sourceTree = "<group>"; };
		875CE9DC1BF09EDC00536BB2 /* NSDictionary+IDPSignup.h */ = {isa = PBXFileReference; fileEncoding = 4; lastKnownFileType = sourcecode.c.h; path = "NSDictionary+IDPSignup.h"; sourceTree = "<group>"; };
		875CE9DD1BF09EDC00536BB2 /* NSDictionary+IDPSignup.m */ = {isa = PBXFileReference; fileEncoding = 4; lastKnownFileType = sourcecode.c.objc; path = "NSDictionary+IDPSignup.m"; sourceTree = "<group>"; };
		875CE9E01BF09F3D00536BB2 /* InviteViewController.h */ = {isa = PBXFileReference; fileEncoding = 4; lastKnownFileType = sourcecode.c.h; path = InviteViewController.h; sourceTree = "<group>"; };
		875CE9E11BF09F3D00536BB2 /* InviteViewController.m */ = {isa = PBXFileReference; fileEncoding = 4; lastKnownFileType = sourcecode.c.objc; path = InviteViewController.m; sourceTree = "<group>"; };
		875CE9E21BF09F3D00536BB2 /* StartViewController.h */ = {isa = PBXFileReference; fileEncoding = 4; lastKnownFileType = sourcecode.c.h; path = StartViewController.h; sourceTree = "<group>"; };
		875CE9E31BF09F3D00536BB2 /* StartViewController.m */ = {isa = PBXFileReference; fileEncoding = 4; lastKnownFileType = sourcecode.c.objc; path = StartViewController.m; sourceTree = "<group>"; };
		879DA40B1BEDF329002F0DDC /* IDPSignup.app */ = {isa = PBXFileReference; explicitFileType = wrapper.application; includeInIndex = 0; path = IDPSignup.app; sourceTree = BUILT_PRODUCTS_DIR; };
		879DA40F1BEDF329002F0DDC /* main.m */ = {isa = PBXFileReference; lastKnownFileType = sourcecode.c.objc; path = main.m; sourceTree = "<group>"; };
		879DA4111BEDF329002F0DDC /* AppDelegate.h */ = {isa = PBXFileReference; lastKnownFileType = sourcecode.c.h; path = AppDelegate.h; sourceTree = "<group>"; };
		879DA4121BEDF329002F0DDC /* AppDelegate.m */ = {isa = PBXFileReference; lastKnownFileType = sourcecode.c.objc; path = AppDelegate.m; sourceTree = "<group>"; };
		879DA4181BEDF329002F0DDC /* Base */ = {isa = PBXFileReference; lastKnownFileType = file.storyboard; name = Base; path = Base.lproj/Main.storyboard; sourceTree = "<group>"; };
		879DA41A1BEDF329002F0DDC /* Assets.xcassets */ = {isa = PBXFileReference; lastKnownFileType = folder.assetcatalog; path = Assets.xcassets; sourceTree = "<group>"; };
		879DA41D1BEDF329002F0DDC /* Base */ = {isa = PBXFileReference; lastKnownFileType = file.storyboard; name = Base; path = Base.lproj/LaunchScreen.storyboard; sourceTree = "<group>"; };
		879DA41F1BEDF329002F0DDC /* Info.plist */ = {isa = PBXFileReference; lastKnownFileType = text.plist.xml; path = Info.plist; sourceTree = "<group>"; };
		87F330591BF16A81000C7E20 /* IDPSignup.h */ = {isa = PBXFileReference; lastKnownFileType = sourcecode.c.h; path = IDPSignup.h; sourceTree = "<group>"; };
		E730F4141AA20E9D71B7B0BE /* libPods-IDPSignup.a */ = {isa = PBXFileReference; explicitFileType = archive.ar; includeInIndex = 0; path = "libPods-IDPSignup.a"; sourceTree = BUILT_PRODUCTS_DIR; };
/* End PBXFileReference section */

/* Begin PBXFrameworksBuildPhase section */
		879DA4081BEDF329002F0DDC /* Frameworks */ = {
			isa = PBXFrameworksBuildPhase;
			buildActionMask = 2147483647;
			files = (
				0E0EF88DBD362EECEC10477F /* libPods-IDPSignup.a in Frameworks */,
			);
			runOnlyForDeploymentPostprocessing = 0;
		};
/* End PBXFrameworksBuildPhase section */

/* Begin PBXGroup section */
		4763289E6DD211D651C555D0 /* Pods */ = {
			isa = PBXGroup;
			children = (
				1417977E0CA43DAF72C1ED7D /* Pods.debug.xcconfig */,
				736B00E46472CDBE1A34032D /* Pods.release.xcconfig */,
				836B2E733B78D94DFADD4E40 /* Pods-IDPSignup.debug.xcconfig */,
				6B5F6DB2C5A2C2A0C245ECBA /* Pods-IDPSignup.release.xcconfig */,
			);
			name = Pods;
			sourceTree = "<group>";
		};
		875CE9D91BF09EDC00536BB2 /* Lib */ = {
			isa = PBXGroup;
			children = (
				875CE9DA1BF09EDC00536BB2 /* IDPSignupManager.h */,
				875CE9DB1BF09EDC00536BB2 /* IDPSignupManager.m */,
				875CE9DC1BF09EDC00536BB2 /* NSDictionary+IDPSignup.h */,
				875CE9DD1BF09EDC00536BB2 /* NSDictionary+IDPSignup.m */,
				87F330591BF16A81000C7E20 /* IDPSignup.h */,
			);
			path = Lib;
			sourceTree = "<group>";
		};
		879DA4021BEDF329002F0DDC = {
			isa = PBXGroup;
			children = (
				875CE9D91BF09EDC00536BB2 /* Lib */,
				879DA40D1BEDF329002F0DDC /* IDPSignup */,
				879DA40C1BEDF329002F0DDC /* Products */,
				4763289E6DD211D651C555D0 /* Pods */,
				F899069C1F132A3C364D3FA4 /* Frameworks */,
			);
			sourceTree = "<group>";
		};
		879DA40C1BEDF329002F0DDC /* Products */ = {
			isa = PBXGroup;
			children = (
				879DA40B1BEDF329002F0DDC /* IDPSignup.app */,
			);
			name = Products;
			sourceTree = "<group>";
		};
		879DA40D1BEDF329002F0DDC /* IDPSignup */ = {
			isa = PBXGroup;
			children = (
				879DA4111BEDF329002F0DDC /* AppDelegate.h */,
				879DA4121BEDF329002F0DDC /* AppDelegate.m */,
				875CE9E01BF09F3D00536BB2 /* InviteViewController.h */,
				875CE9E11BF09F3D00536BB2 /* InviteViewController.m */,
				875CE9E21BF09F3D00536BB2 /* StartViewController.h */,
				875CE9E31BF09F3D00536BB2 /* StartViewController.m */,
				879DA4171BEDF329002F0DDC /* Main.storyboard */,
				879DA41A1BEDF329002F0DDC /* Assets.xcassets */,
				879DA41C1BEDF329002F0DDC /* LaunchScreen.storyboard */,
				879DA41F1BEDF329002F0DDC /* Info.plist */,
				879DA40E1BEDF329002F0DDC /* Supporting Files */,
			);
			path = IDPSignup;
			sourceTree = "<group>";
		};
		879DA40E1BEDF329002F0DDC /* Supporting Files */ = {
			isa = PBXGroup;
			children = (
				879DA40F1BEDF329002F0DDC /* main.m */,
			);
			name = "Supporting Files";
			sourceTree = "<group>";
		};
		F899069C1F132A3C364D3FA4 /* Frameworks */ = {
			isa = PBXGroup;
			children = (
				E730F4141AA20E9D71B7B0BE /* libPods-IDPSignup.a */,
			);
			name = Frameworks;
			sourceTree = "<group>";
		};
/* End PBXGroup section */

/* Begin PBXNativeTarget section */
		879DA40A1BEDF329002F0DDC /* IDPSignup */ = {
			isa = PBXNativeTarget;
			buildConfigurationList = 879DA4221BEDF329002F0DDC /* Build configuration list for PBXNativeTarget "IDPSignup" */;
			buildPhases = (
				C9CB407E8AE737666D036561 /* [CP] Check Pods Manifest.lock */,
				26D592BAB6BAC04043FF04D3 /* Check Pods Manifest.lock */,
				879DA4071BEDF329002F0DDC /* Sources */,
				879DA4081BEDF329002F0DDC /* Frameworks */,
				879DA4091BEDF329002F0DDC /* Resources */,
				BE73FC5062E70D061AAE35D7 /* [CP] Copy Pods Resources */,
			);
			buildRules = (
			);
			dependencies = (
			);
			name = IDPSignup;
			productName = IDPSignup;
			productReference = 879DA40B1BEDF329002F0DDC /* IDPSignup.app */;
			productType = "com.apple.product-type.application";
		};
/* End PBXNativeTarget section */

/* Begin PBXProject section */
		879DA4031BEDF329002F0DDC /* Project object */ = {
			isa = PBXProject;
			attributes = {
				LastUpgradeCheck = 1150;
				ORGANIZATIONNAME = "Irimasu Densan Planning";
				TargetAttributes = {
					879DA40A1BEDF329002F0DDC = {
						CreatedOnToolsVersion = 7.1;
					};
				};
			};
			buildConfigurationList = 879DA4061BEDF329002F0DDC /* Build configuration list for PBXProject "IDPSignup" */;
			compatibilityVersion = "Xcode 3.2";
			developmentRegion = en;
			hasScannedForEncodings = 0;
			knownRegions = (
				en,
				Base,
			);
			mainGroup = 879DA4021BEDF329002F0DDC;
			productRefGroup = 879DA40C1BEDF329002F0DDC /* Products */;
			projectDirPath = "";
			projectRoot = "";
			targets = (
				879DA40A1BEDF329002F0DDC /* IDPSignup */,
			);
		};
/* End PBXProject section */

/* Begin PBXResourcesBuildPhase section */
		879DA4091BEDF329002F0DDC /* Resources */ = {
			isa = PBXResourcesBuildPhase;
			buildActionMask = 2147483647;
			files = (
				879DA41E1BEDF329002F0DDC /* LaunchScreen.storyboard in Resources */,
				879DA41B1BEDF329002F0DDC /* Assets.xcassets in Resources */,
				879DA4191BEDF329002F0DDC /* Main.storyboard in Resources */,
			);
			runOnlyForDeploymentPostprocessing = 0;
		};
/* End PBXResourcesBuildPhase section */

/* Begin PBXShellScriptBuildPhase section */
		26D592BAB6BAC04043FF04D3 /* Check Pods Manifest.lock */ = {
			isa = PBXShellScriptBuildPhase;
			buildActionMask = 2147483647;
			files = (
			);
			inputPaths = (
			);
			name = "Check Pods Manifest.lock";
			outputPaths = (
			);
			runOnlyForDeploymentPostprocessing = 0;
			shellPath = /bin/sh;
			shellScript = "diff \"${PODS_ROOT}/../Podfile.lock\" \"${PODS_ROOT}/Manifest.lock\" > /dev/null\nif [[ $? != 0 ]] ; then\n    cat << EOM\nerror: The sandbox is not in sync with the Podfile.lock. Run 'pod install' or update your CocoaPods installation.\nEOM\n    exit 1\nfi\n";
			showEnvVarsInLog = 0;
		};
		BE73FC5062E70D061AAE35D7 /* [CP] Copy Pods Resources */ = {
			isa = PBXShellScriptBuildPhase;
			buildActionMask = 2147483647;
			files = (
			);
			inputPaths = (
				"${PODS_ROOT}/Target Support Files/Pods-IDPSignup/Pods-IDPSignup-resources.sh",
				"${PODS_CONFIGURATION_BUILD_DIR}/Parse/Parse.bundle",
			);
			name = "[CP] Copy Pods Resources";
			outputPaths = (
				"${TARGET_BUILD_DIR}/${UNLOCALIZED_RESOURCES_FOLDER_PATH}/Parse.bundle",
			);
			runOnlyForDeploymentPostprocessing = 0;
			shellPath = /bin/sh;
			shellScript = "\"${PODS_ROOT}/Target Support Files/Pods-IDPSignup/Pods-IDPSignup-resources.sh\"\n";
			showEnvVarsInLog = 0;
		};
		C9CB407E8AE737666D036561 /* [CP] Check Pods Manifest.lock */ = {
			isa = PBXShellScriptBuildPhase;
			buildActionMask = 2147483647;
			files = (
			);
			inputFileListPaths = (
			);
			inputPaths = (
				"${PODS_PODFILE_DIR_PATH}/Podfile.lock",
				"${PODS_ROOT}/Manifest.lock",
			);
			name = "[CP] Check Pods Manifest.lock";
			outputFileListPaths = (
			);
			outputPaths = (
				"$(DERIVED_FILE_DIR)/Pods-IDPSignup-checkManifestLockResult.txt",
			);
			runOnlyForDeploymentPostprocessing = 0;
			shellPath = /bin/sh;
			shellScript = "diff \"${PODS_PODFILE_DIR_PATH}/Podfile.lock\" \"${PODS_ROOT}/Manifest.lock\" > /dev/null\nif [ $? != 0 ] ; then\n    # print error to STDERR\n    echo \"error: The sandbox is not in sync with the Podfile.lock. Run 'pod install' or update your CocoaPods installation.\" >&2\n    exit 1\nfi\n# This output is used by Xcode 'outputs' to avoid re-running this script phase.\necho \"SUCCESS\" > \"${SCRIPT_OUTPUT_FILE_0}\"\n";
			showEnvVarsInLog = 0;
		};
/* End PBXShellScriptBuildPhase section */

/* Begin PBXSourcesBuildPhase section */
		879DA4071BEDF329002F0DDC /* Sources */ = {
			isa = PBXSourcesBuildPhase;
			buildActionMask = 2147483647;
			files = (
				875CE9E41BF09F3D00536BB2 /* InviteViewController.m in Sources */,
				879DA4131BEDF329002F0DDC /* AppDelegate.m in Sources */,
				875CE9E51BF09F3D00536BB2 /* StartViewController.m in Sources */,
				875CE9DF1BF09EDC00536BB2 /* NSDictionary+IDPSignup.m in Sources */,
				879DA4101BEDF329002F0DDC /* main.m in Sources */,
				875CE9DE1BF09EDC00536BB2 /* IDPSignupManager.m in Sources */,
			);
			runOnlyForDeploymentPostprocessing = 0;
		};
/* End PBXSourcesBuildPhase section */

/* Begin PBXVariantGroup section */
		879DA4171BEDF329002F0DDC /* Main.storyboard */ = {
			isa = PBXVariantGroup;
			children = (
				879DA4181BEDF329002F0DDC /* Base */,
			);
			name = Main.storyboard;
			sourceTree = "<group>";
		};
		879DA41C1BEDF329002F0DDC /* LaunchScreen.storyboard */ = {
			isa = PBXVariantGroup;
			children = (
				879DA41D1BEDF329002F0DDC /* Base */,
			);
			name = LaunchScreen.storyboard;
			sourceTree = "<group>";
		};
/* End PBXVariantGroup section */

/* Begin XCBuildConfiguration section */
		879DA4201BEDF329002F0DDC /* Debug */ = {
			isa = XCBuildConfiguration;
			buildSettings = {
				ALWAYS_SEARCH_USER_PATHS = NO;
				CLANG_CXX_LANGUAGE_STANDARD = "gnu++0x";
				CLANG_CXX_LIBRARY = "libc++";
				CLANG_ENABLE_MODULES = YES;
				CLANG_ENABLE_OBJC_ARC = YES;
				CLANG_WARN_BLOCK_CAPTURE_AUTORELEASING = YES;
				CLANG_WARN_BOOL_CONVERSION = YES;
				CLANG_WARN_COMMA = YES;
				CLANG_WARN_CONSTANT_CONVERSION = YES;
				CLANG_WARN_DEPRECATED_OBJC_IMPLEMENTATIONS = YES;
				CLANG_WARN_DIRECT_OBJC_ISA_USAGE = YES_ERROR;
				CLANG_WARN_EMPTY_BODY = YES;
				CLANG_WARN_ENUM_CONVERSION = YES;
				CLANG_WARN_INFINITE_RECURSION = YES;
				CLANG_WARN_INT_CONVERSION = YES;
				CLANG_WARN_NON_LITERAL_NULL_CONVERSION = YES;
				CLANG_WARN_OBJC_IMPLICIT_RETAIN_SELF = YES;
				CLANG_WARN_OBJC_LITERAL_CONVERSION = YES;
				CLANG_WARN_OBJC_ROOT_CLASS = YES_ERROR;
				CLANG_WARN_RANGE_LOOP_ANALYSIS = YES;
				CLANG_WARN_STRICT_PROTOTYPES = YES;
				CLANG_WARN_SUSPICIOUS_MOVE = YES;
				CLANG_WARN_UNREACHABLE_CODE = YES;
				CLANG_WARN__DUPLICATE_METHOD_MATCH = YES;
				"CODE_SIGN_IDENTITY[sdk=iphoneos*]" = "iPhone Developer";
				COPY_PHASE_STRIP = NO;
				DEBUG_INFORMATION_FORMAT = dwarf;
				ENABLE_STRICT_OBJC_MSGSEND = YES;
				ENABLE_TESTABILITY = YES;
				GCC_C_LANGUAGE_STANDARD = gnu99;
				GCC_DYNAMIC_NO_PIC = NO;
				GCC_NO_COMMON_BLOCKS = YES;
				GCC_OPTIMIZATION_LEVEL = 0;
				GCC_PREPROCESSOR_DEFINITIONS = (
					"DEBUG=1",
					"$(inherited)",
				);
				GCC_WARN_64_TO_32_BIT_CONVERSION = YES;
				GCC_WARN_ABOUT_RETURN_TYPE = YES_ERROR;
				GCC_WARN_UNDECLARED_SELECTOR = YES;
				GCC_WARN_UNINITIALIZED_AUTOS = YES_AGGRESSIVE;
				GCC_WARN_UNUSED_FUNCTION = YES;
				GCC_WARN_UNUSED_VARIABLE = YES;
				IPHONEOS_DEPLOYMENT_TARGET = 10.0;
				MTL_ENABLE_DEBUG_INFO = YES;
				ONLY_ACTIVE_ARCH = YES;
				SDKROOT = iphoneos;
				TARGETED_DEVICE_FAMILY = "1,2";
			};
			name = Debug;
		};
		879DA4211BEDF329002F0DDC /* Release */ = {
			isa = XCBuildConfiguration;
			buildSettings = {
				ALWAYS_SEARCH_USER_PATHS = NO;
				CLANG_CXX_LANGUAGE_STANDARD = "gnu++0x";
				CLANG_CXX_LIBRARY = "libc++";
				CLANG_ENABLE_MODULES = YES;
				CLANG_ENABLE_OBJC_ARC = YES;
				CLANG_WARN_BLOCK_CAPTURE_AUTORELEASING = YES;
				CLANG_WARN_BOOL_CONVERSION = YES;
				CLANG_WARN_COMMA = YES;
				CLANG_WARN_CONSTANT_CONVERSION = YES;
				CLANG_WARN_DEPRECATED_OBJC_IMPLEMENTATIONS = YES;
				CLANG_WARN_DIRECT_OBJC_ISA_USAGE = YES_ERROR;
				CLANG_WARN_EMPTY_BODY = YES;
				CLANG_WARN_ENUM_CONVERSION = YES;
				CLANG_WARN_INFINITE_RECURSION = YES;
				CLANG_WARN_INT_CONVERSION = YES;
				CLANG_WARN_NON_LITERAL_NULL_CONVERSION = YES;
				CLANG_WARN_OBJC_IMPLICIT_RETAIN_SELF = YES;
				CLANG_WARN_OBJC_LITERAL_CONVERSION = YES;
				CLANG_WARN_OBJC_ROOT_CLASS = YES_ERROR;
				CLANG_WARN_RANGE_LOOP_ANALYSIS = YES;
				CLANG_WARN_STRICT_PROTOTYPES = YES;
				CLANG_WARN_SUSPICIOUS_MOVE = YES;
				CLANG_WARN_UNREACHABLE_CODE = YES;
				CLANG_WARN__DUPLICATE_METHOD_MATCH = YES;
				"CODE_SIGN_IDENTITY[sdk=iphoneos*]" = "iPhone Developer";
				COPY_PHASE_STRIP = NO;
				DEBUG_INFORMATION_FORMAT = "dwarf-with-dsym";
				ENABLE_NS_ASSERTIONS = NO;
				ENABLE_STRICT_OBJC_MSGSEND = YES;
				GCC_C_LANGUAGE_STANDARD = gnu99;
				GCC_NO_COMMON_BLOCKS = YES;
				GCC_WARN_64_TO_32_BIT_CONVERSION = YES;
				GCC_WARN_ABOUT_RETURN_TYPE = YES_ERROR;
				GCC_WARN_UNDECLARED_SELECTOR = YES;
				GCC_WARN_UNINITIALIZED_AUTOS = YES_AGGRESSIVE;
				GCC_WARN_UNUSED_FUNCTION = YES;
				GCC_WARN_UNUSED_VARIABLE = YES;
				IPHONEOS_DEPLOYMENT_TARGET = 10.0;
				MTL_ENABLE_DEBUG_INFO = NO;
				SDKROOT = iphoneos;
				TARGETED_DEVICE_FAMILY = "1,2";
				VALIDATE_PRODUCT = YES;
			};
			name = Release;
		};
		879DA4231BEDF329002F0DDC /* Debug */ = {
			isa = XCBuildConfiguration;
			baseConfigurationReference = 836B2E733B78D94DFADD4E40 /* Pods-IDPSignup.debug.xcconfig */;
			buildSettings = {
				ASSETCATALOG_COMPILER_APPICON_NAME = AppIcon;
				INFOPLIST_FILE = IDPSignup/Info.plist;
				IPHONEOS_DEPLOYMENT_TARGET = 10.0;
				LD_RUNPATH_SEARCH_PATHS = "$(inherited) @executable_path/Frameworks";
				PRODUCT_BUNDLE_IDENTIFIER = com.irimasu.IDPSignup;
				PRODUCT_NAME = "$(TARGET_NAME)";
			};
			name = Debug;
		};
		879DA4241BEDF329002F0DDC /* Release */ = {
			isa = XCBuildConfiguration;
			baseConfigurationReference = 6B5F6DB2C5A2C2A0C245ECBA /* Pods-IDPSignup.release.xcconfig */;
			buildSettings = {
				ASSETCATALOG_COMPILER_APPICON_NAME = AppIcon;
				INFOPLIST_FILE = IDPSignup/Info.plist;
				IPHONEOS_DEPLOYMENT_TARGET = 10.0;
				LD_RUNPATH_SEARCH_PATHS = "$(inherited) @executable_path/Frameworks";
				PRODUCT_BUNDLE_IDENTIFIER = com.irimasu.IDPSignup;
				PRODUCT_NAME = "$(TARGET_NAME)";
			};
			name = Release;
		};
/* End XCBuildConfiguration section */

/* Begin XCConfigurationList section */
		879DA4061BEDF329002F0DDC /* Build configuration list for PBXProject "IDPSignup" */ = {
			isa = XCConfigurationList;
			buildConfigurations = (
				879DA4201BEDF329002F0DDC /* Debug */,
				879DA4211BEDF329002F0DDC /* Release */,
			);
			defaultConfigurationIsVisible = 0;
			defaultConfigurationName = Release;
		};
		879DA4221BEDF329002F0DDC /* Build configuration list for PBXNativeTarget "IDPSignup" */ = {
			isa = XCConfigurationList;
			buildConfigurations = (
				879DA4231BEDF329002F0DDC /* Debug */,
				879DA4241BEDF329002F0DDC /* Release */,
			);
			defaultConfigurationIsVisible = 0;
			defaultConfigurationName = Release;
		};
/* End XCConfigurationList section */
	};
	rootObject = 879DA4031BEDF329002F0DDC /* Project object */;
}
